
Microsoft Visual Studio Solution File, Format Version 12.00
# Visual Studio Version 17
VisualStudioVersion = 17.8.34316.72
MinimumVisualStudioVersion = 10.0.40219.1
Project("{FAE04EC0-301F-11D3-BF4B-00C04F79EFBC}") = "Sklep internetowy - Projekt końcowy", "Sklep internetowy - Projekt końcowy\Sklep internetowy - Projekt końcowy.csproj", "{99BF5329-8500-4498-8DDB-DD53794B96BC}"
EndProject
Global
	GlobalSection(SolutionConfigurationPlatforms) = preSolution
		Debug|Any CPU = Debug|Any CPU
		Release|Any CPU = Release|Any CPU
	EndGlobalSection
	GlobalSection(ProjectConfigurationPlatforms) = postSolution
		{99BF5329-8500-4498-8DDB-DD53794B96BC}.Debug|Any CPU.ActiveCfg = Debug|Any CPU
		{99BF5329-8500-4498-8DDB-DD53794B96BC}.Debug|Any CPU.Build.0 = Debug|Any CPU
		{99BF5329-8500-4498-8DDB-DD53794B96BC}.Release|Any CPU.ActiveCfg = Release|Any CPU
		{99BF5329-8500-4498-8DDB-DD53794B96BC}.Release|Any CPU.Build.0 = Release|Any CPU
	EndGlobalSection
	GlobalSection(SolutionProperties) = preSolution
		HideSolutionNode = FALSE
	EndGlobalSection
	GlobalSection(ExtensibilityGlobals) = postSolution
		SolutionGuid = {BCD805B1-DE04-4D36-ABA7-1F8E4B2BAB14}
	EndGlobalSection
EndGlobal
